// !$*UTF8*$!
{
	archiveVersion = 1;
	classes = {
	};
	objectVersion = 50;
	objects = {

/* Begin PBXBuildFile section */
		FF1DD18C25C1B1F000E48055 /* SeoulChants_SwiftUIApp.swift in Sources */ = {isa = PBXBuildFile; fileRef = FF1DD17925C1B1EF00E48055 /* SeoulChants_SwiftUIApp.swift */; };
		FF1DD18D25C1B1F000E48055 /* SeoulChants_SwiftUIApp.swift in Sources */ = {isa = PBXBuildFile; fileRef = FF1DD17925C1B1EF00E48055 /* SeoulChants_SwiftUIApp.swift */; };
		FF1DD18E25C1B1F000E48055 /* ContentView.swift in Sources */ = {isa = PBXBuildFile; fileRef = FF1DD17A25C1B1EF00E48055 /* ContentView.swift */; };
		FF1DD18F25C1B1F000E48055 /* ContentView.swift in Sources */ = {isa = PBXBuildFile; fileRef = FF1DD17A25C1B1EF00E48055 /* ContentView.swift */; };
		FF1DD19025C1B1F000E48055 /* Assets.xcassets in Resources */ = {isa = PBXBuildFile; fileRef = FF1DD17B25C1B1F000E48055 /* Assets.xcassets */; };
		FF1DD19125C1B1F000E48055 /* Assets.xcassets in Resources */ = {isa = PBXBuildFile; fileRef = FF1DD17B25C1B1F000E48055 /* Assets.xcassets */; };
/* End PBXBuildFile section */

/* Begin PBXFileReference section */
		FF1DD17925C1B1EF00E48055 /* SeoulChants_SwiftUIApp.swift */ = {isa = PBXFileReference; lastKnownFileType = sourcecode.swift; path = SeoulChants_SwiftUIApp.swift; sourceTree = "<group>"; };
		FF1DD17A25C1B1EF00E48055 /* ContentView.swift */ = {isa = PBXFileReference; lastKnownFileType = sourcecode.swift; path = ContentView.swift; sourceTree = "<group>"; };
		FF1DD17B25C1B1F000E48055 /* Assets.xcassets */ = {isa = PBXFileReference; lastKnownFileType = folder.assetcatalog; path = Assets.xcassets; sourceTree = "<group>"; };
		FF1DD18025C1B1F000E48055 /* SeoulChants-SwiftUI.app */ = {isa = PBXFileReference; explicitFileType = wrapper.application; includeInIndex = 0; path = "SeoulChants-SwiftUI.app"; sourceTree = BUILT_PRODUCTS_DIR; };
		FF1DD18325C1B1F000E48055 /* Info.plist */ = {isa = PBXFileReference; lastKnownFileType = text.plist.xml; path = Info.plist; sourceTree = "<group>"; };
		FF1DD18825C1B1F000E48055 /* SeoulChants-SwiftUI.app */ = {isa = PBXFileReference; explicitFileType = wrapper.application; includeInIndex = 0; path = "SeoulChants-SwiftUI.app"; sourceTree = BUILT_PRODUCTS_DIR; };
		FF1DD18A25C1B1F000E48055 /* Info.plist */ = {isa = PBXFileReference; lastKnownFileType = text.plist.xml; path = Info.plist; sourceTree = "<group>"; };
		FF1DD18B25C1B1F000E48055 /* macOS.entitlements */ = {isa = PBXFileReference; lastKnownFileType = text.plist.entitlements; path = macOS.entitlements; sourceTree = "<group>"; };
/* End PBXFileReference section */

/* Begin PBXFrameworksBuildPhase section */
		FF1DD17D25C1B1F000E48055 /* Frameworks */ = {
			isa = PBXFrameworksBuildPhase;
			buildActionMask = 2147483647;
			files = (
			);
			runOnlyForDeploymentPostprocessing = 0;
		};
		FF1DD18525C1B1F000E48055 /* Frameworks */ = {
			isa = PBXFrameworksBuildPhase;
			buildActionMask = 2147483647;
			files = (
			);
			runOnlyForDeploymentPostprocessing = 0;
		};
/* End PBXFrameworksBuildPhase section */

/* Begin PBXGroup section */
		FF1DD17325C1B1EF00E48055 = {
			isa = PBXGroup;
			children = (
				FF1DD17825C1B1EF00E48055 /* Shared */,
				FF1DD18225C1B1F000E48055 /* iOS */,
				FF1DD18925C1B1F000E48055 /* macOS */,
				FF1DD18125C1B1F000E48055 /* Products */,
			);
			sourceTree = "<group>";
		};
		FF1DD17825C1B1EF00E48055 /* Shared */ = {
			isa = PBXGroup;
			children = (
				FF1DD17925C1B1EF00E48055 /* SeoulChants_SwiftUIApp.swift */,
				FF1DD17A25C1B1EF00E48055 /* ContentView.swift */,
				FF1DD17B25C1B1F000E48055 /* Assets.xcassets */,
			);
			path = Shared;
			sourceTree = "<group>";
		};
		FF1DD18125C1B1F000E48055 /* Products */ = {
			isa = PBXGroup;
			children = (
				FF1DD18025C1B1F000E48055 /* SeoulChants-SwiftUI.app */,
				FF1DD18825C1B1F000E48055 /* SeoulChants-SwiftUI.app */,
			);
			name = Products;
			sourceTree = "<group>";
		};
		FF1DD18225C1B1F000E48055 /* iOS */ = {
			isa = PBXGroup;
			children = (
				FF1DD18325C1B1F000E48055 /* Info.plist */,
			);
			path = iOS;
			sourceTree = "<group>";
		};
		FF1DD18925C1B1F000E48055 /* macOS */ = {
			isa = PBXGroup;
			children = (
				FF1DD18A25C1B1F000E48055 /* Info.plist */,
				FF1DD18B25C1B1F000E48055 /* macOS.entitlements */,
			);
			path = macOS;
			sourceTree = "<group>";
		};
/* End PBXGroup section */

/* Begin PBXNativeTarget section */
		FF1DD17F25C1B1F000E48055 /* SeoulChants-SwiftUI (iOS) */ = {
			isa = PBXNativeTarget;
			buildConfigurationList = FF1DD19425C1B1F000E48055 /* Build configuration list for PBXNativeTarget "SeoulChants-SwiftUI (iOS)" */;
			buildPhases = (
				FF1DD17C25C1B1F000E48055 /* Sources */,
				FF1DD17D25C1B1F000E48055 /* Frameworks */,
				FF1DD17E25C1B1F000E48055 /* Resources */,
			);
			buildRules = (
			);
			dependencies = (
			);
			name = "SeoulChants-SwiftUI (iOS)";
			productName = "SeoulChants-SwiftUI (iOS)";
			productReference = FF1DD18025C1B1F000E48055 /* SeoulChants-SwiftUI.app */;
			productType = "com.apple.product-type.application";
		};
		FF1DD18725C1B1F000E48055 /* SeoulChants-SwiftUI (macOS) */ = {
			isa = PBXNativeTarget;
			buildConfigurationList = FF1DD19725C1B1F000E48055 /* Build configuration list for PBXNativeTarget "SeoulChants-SwiftUI (macOS)" */;
			buildPhases = (
				FF1DD18425C1B1F000E48055 /* Sources */,
				FF1DD18525C1B1F000E48055 /* Frameworks */,
				FF1DD18625C1B1F000E48055 /* Resources */,
			);
			buildRules = (
			);
			dependencies = (
			);
			name = "SeoulChants-SwiftUI (macOS)";
			productName = "SeoulChants-SwiftUI (macOS)";
			productReference = FF1DD18825C1B1F000E48055 /* SeoulChants-SwiftUI.app */;
			productType = "com.apple.product-type.application";
		};
/* End PBXNativeTarget section */

/* Begin PBXProject section */
		FF1DD17425C1B1EF00E48055 /* Project object */ = {
			isa = PBXProject;
			attributes = {
				LastSwiftUpdateCheck = 1230;
				LastUpgradeCheck = 1230;
				TargetAttributes = {
					FF1DD17F25C1B1F000E48055 = {
						CreatedOnToolsVersion = 12.3;
					};
					FF1DD18725C1B1F000E48055 = {
						CreatedOnToolsVersion = 12.3;
					};
				};
			};
			buildConfigurationList = FF1DD17725C1B1EF00E48055 /* Build configuration list for PBXProject "SeoulChants-SwiftUI" */;
			compatibilityVersion = "Xcode 9.3";
			developmentRegion = en;
			hasScannedForEncodings = 0;
			knownRegions = (
				en,
				Base,
			);
			mainGroup = FF1DD17325C1B1EF00E48055;
			productRefGroup = FF1DD18125C1B1F000E48055 /* Products */;
			projectDirPath = "";
			projectRoot = "";
			targets = (
				FF1DD17F25C1B1F000E48055 /* SeoulChants-SwiftUI (iOS) */,
				FF1DD18725C1B1F000E48055 /* SeoulChants-SwiftUI (macOS) */,
			);
		};
/* End PBXProject section */

/* Begin PBXResourcesBuildPhase section */
		FF1DD17E25C1B1F000E48055 /* Resources */ = {
			isa = PBXResourcesBuildPhase;
			buildActionMask = 2147483647;
			files = (
				FF1DD19025C1B1F000E48055 /* Assets.xcassets in Resources */,
			);
			runOnlyForDeploymentPostprocessing = 0;
		};
		FF1DD18625C1B1F000E48055 /* Resources */ = {
			isa = PBXResourcesBuildPhase;
			buildActionMask = 2147483647;
			files = (
				FF1DD19125C1B1F000E48055 /* Assets.xcassets in Resources */,
			);
			runOnlyForDeploymentPostprocessing = 0;
		};
/* End PBXResourcesBuildPhase section */

/* Begin PBXSourcesBuildPhase section */
		FF1DD17C25C1B1F000E48055 /* Sources */ = {
			isa = PBXSourcesBuildPhase;
			buildActionMask = 2147483647;
			files = (
				FF1DD18E25C1B1F000E48055 /* ContentView.swift in Sources */,
				FF1DD18C25C1B1F000E48055 /* SeoulChants_SwiftUIApp.swift in Sources */,
			);
			runOnlyForDeploymentPostprocessing = 0;
		};
		FF1DD18425C1B1F000E48055 /* Sources */ = {
			isa = PBXSourcesBuildPhase;
			buildActionMask = 2147483647;
			files = (
				FF1DD18F25C1B1F000E48055 /* ContentView.swift in Sources */,
				FF1DD18D25C1B1F000E48055 /* SeoulChants_SwiftUIApp.swift in Sources */,
			);
			runOnlyForDeploymentPostprocessing = 0;
		};
/* End PBXSourcesBuildPhase section */

/* Begin XCBuildConfiguration section */
		FF1DD19225C1B1F000E48055 /* Debug */ = {
			isa = XCBuildConfiguration;
			buildSettings = {
				ALWAYS_SEARCH_USER_PATHS = NO;
				CLANG_ANALYZER_NONNULL = YES;
				CLANG_ANALYZER_NUMBER_OBJECT_CONVERSION = YES_AGGRESSIVE;
				CLANG_CXX_LANGUAGE_STANDARD = "gnu++14";
				CLANG_CXX_LIBRARY = "libc++";
				CLANG_ENABLE_MODULES = YES;
				CLANG_ENABLE_OBJC_ARC = YES;
				CLANG_ENABLE_OBJC_WEAK = YES;
				CLANG_WARN_BLOCK_CAPTURE_AUTORELEASING = YES;
				CLANG_WARN_BOOL_CONVERSION = YES;
				CLANG_WARN_COMMA = YES;
				CLANG_WARN_CONSTANT_CONVERSION = YES;
				CLANG_WARN_DEPRECATED_OBJC_IMPLEMENTATIONS = YES;
				CLANG_WARN_DIRECT_OBJC_ISA_USAGE = YES_ERROR;
				CLANG_WARN_DOCUMENTATION_COMMENTS = YES;
				CLANG_WARN_EMPTY_BODY = YES;
				CLANG_WARN_ENUM_CONVERSION = YES;
				CLANG_WARN_INFINITE_RECURSION = YES;
				CLANG_WARN_INT_CONVERSION = YES;
				CLANG_WARN_NON_LITERAL_NULL_CONVERSION = YES;
				CLANG_WARN_OBJC_IMPLICIT_RETAIN_SELF = YES;
				CLANG_WARN_OBJC_LITERAL_CONVERSION = YES;
				CLANG_WARN_OBJC_ROOT_CLASS = YES_ERROR;
				CLANG_WARN_QUOTED_INCLUDE_IN_FRAMEWORK_HEADER = YES;
				CLANG_WARN_RANGE_LOOP_ANALYSIS = YES;
				CLANG_WARN_STRICT_PROTOTYPES = YES;
				CLANG_WARN_SUSPICIOUS_MOVE = YES;
				CLANG_WARN_UNGUARDED_AVAILABILITY = YES_AGGRESSIVE;
				CLANG_WARN_UNREACHABLE_CODE = YES;
				CLANG_WARN__DUPLICATE_METHOD_MATCH = YES;
				COPY_PHASE_STRIP = NO;
				DEBUG_INFORMATION_FORMAT = dwarf;
				ENABLE_STRICT_OBJC_MSGSEND = YES;
				ENABLE_TESTABILITY = YES;
				GCC_C_LANGUAGE_STANDARD = gnu11;
				GCC_DYNAMIC_NO_PIC = NO;
				GCC_NO_COMMON_BLOCKS = YES;
				GCC_OPTIMIZATION_LEVEL = 0;
				GCC_PREPROCESSOR_DEFINITIONS = (
					"DEBUG=1",
					"$(inherited)",
				);
				GCC_WARN_64_TO_32_BIT_CONVERSION = YES;
				GCC_WARN_ABOUT_RETURN_TYPE = YES_ERROR;
				GCC_WARN_UNDECLARED_SELECTOR = YES;
				GCC_WARN_UNINITIALIZED_AUTOS = YES_AGGRESSIVE;
				GCC_WARN_UNUSED_FUNCTION = YES;
				GCC_WARN_UNUSED_VARIABLE = YES;
				MTL_ENABLE_DEBUG_INFO = INCLUDE_SOURCE;
				MTL_FAST_MATH = YES;
				ONLY_ACTIVE_ARCH = YES;
				SWIFT_ACTIVE_COMPILATION_CONDITIONS = DEBUG;
				SWIFT_OPTIMIZATION_LEVEL = "-Onone";
			};
			name = Debug;
		};
		FF1DD19325C1B1F000E48055 /* Release */ = {
			isa = XCBuildConfiguration;
			buildSettings = {
				ALWAYS_SEARCH_USER_PATHS = NO;
				CLANG_ANALYZER_NONNULL = YES;
				CLANG_ANALYZER_NUMBER_OBJECT_CONVERSION = YES_AGGRESSIVE;
				CLANG_CXX_LANGUAGE_STANDARD = "gnu++14";
				CLANG_CXX_LIBRARY = "libc++";
				CLANG_ENABLE_MODULES = YES;
				CLANG_ENABLE_OBJC_ARC = YES;
				CLANG_ENABLE_OBJC_WEAK = YES;
				CLANG_WARN_BLOCK_CAPTURE_AUTORELEASING = YES;
				CLANG_WARN_BOOL_CONVERSION = YES;
				CLANG_WARN_COMMA = YES;
				CLANG_WARN_CONSTANT_CONVERSION = YES;
				CLANG_WARN_DEPRECATED_OBJC_IMPLEMENTATIONS = YES;
				CLANG_WARN_DIRECT_OBJC_ISA_USAGE = YES_ERROR;
				CLANG_WARN_DOCUMENTATION_COMMENTS = YES;
				CLANG_WARN_EMPTY_BODY = YES;
				CLANG_WARN_ENUM_CONVERSION = YES;
				CLANG_WARN_INFINITE_RECURSION = YES;
				CLANG_WARN_INT_CONVERSION = YES;
				CLANG_WARN_NON_LITERAL_NULL_CONVERSION = YES;
				CLANG_WARN_OBJC_IMPLICIT_RETAIN_SELF = YES;
				CLANG_WARN_OBJC_LITERAL_CONVERSION = YES;
				CLANG_WARN_OBJC_ROOT_CLASS = YES_ERROR;
				CLANG_WARN_QUOTED_INCLUDE_IN_FRAMEWORK_HEADER = YES;
				CLANG_WARN_RANGE_LOOP_ANALYSIS = YES;
				CLANG_WARN_STRICT_PROTOTYPES = YES;
				CLANG_WARN_SUSPICIOUS_MOVE = YES;
				CLANG_WARN_UNGUARDED_AVAILABILITY = YES_AGGRESSIVE;
				CLANG_WARN_UNREACHABLE_CODE = YES;
				CLANG_WARN__DUPLICATE_METHOD_MATCH = YES;
				COPY_PHASE_STRIP = NO;
				DEBUG_INFORMATION_FORMAT = "dwarf-with-dsym";
				ENABLE_NS_ASSERTIONS = NO;
				ENABLE_STRICT_OBJC_MSGSEND = YES;
				GCC_C_LANGUAGE_STANDARD = gnu11;
				GCC_NO_COMMON_BLOCKS = YES;
				GCC_WARN_64_TO_32_BIT_CONVERSION = YES;
				GCC_WARN_ABOUT_RETURN_TYPE = YES_ERROR;
				GCC_WARN_UNDECLARED_SELECTOR = YES;
				GCC_WARN_UNINITIALIZED_AUTOS = YES_AGGRESSIVE;
				GCC_WARN_UNUSED_FUNCTION = YES;
				GCC_WARN_UNUSED_VARIABLE = YES;
				MTL_ENABLE_DEBUG_INFO = NO;
				MTL_FAST_MATH = YES;
				SWIFT_COMPILATION_MODE = wholemodule;
				SWIFT_OPTIMIZATION_LEVEL = "-O";
			};
			name = Release;
		};
		FF1DD19525C1B1F000E48055 /* Debug */ = {
			isa = XCBuildConfiguration;
			buildSettings = {
				ASSETCATALOG_COMPILER_APPICON_NAME = AppIcon;
				ASSETCATALOG_COMPILER_GLOBAL_ACCENT_COLOR_NAME = AccentColor;
				CODE_SIGN_STYLE = Automatic;
				DEVELOPMENT_TEAM = CFXQRL364R;
				ENABLE_PREVIEWS = YES;
				INFOPLIST_FILE = iOS/Info.plist;
				IPHONEOS_DEPLOYMENT_TARGET = 14.0;
				LD_RUNPATH_SEARCH_PATHS = (
					"$(inherited)",
					"@executable_path/Frameworks",
				);
				PRODUCT_BUNDLE_IDENTIFIER = "kr.alfr.SeoulChants-SwiftUI";
				PRODUCT_NAME = "SeoulChants-SwiftUI";
				SDKROOT = iphoneos;
				SWIFT_VERSION = 5.0;
				TARGETED_DEVICE_FAMILY = "1,2";
			};
			name = Debug;
		};
		FF1DD19625C1B1F000E48055 /* Release */ = {
			isa = XCBuildConfiguration;
			buildSettings = {
				ASSETCATALOG_COMPILER_APPICON_NAME = AppIcon;
				ASSETCATALOG_COMPILER_GLOBAL_ACCENT_COLOR_NAME = AccentColor;
				CODE_SIGN_STYLE = Automatic;
				DEVELOPMENT_TEAM = CFXQRL364R;
				ENABLE_PREVIEWS = YES;
				INFOPLIST_FILE = iOS/Info.plist;
				IPHONEOS_DEPLOYMENT_TARGET = 14.0;
				LD_RUNPATH_SEARCH_PATHS = (
					"$(inherited)",
					"@executable_path/Frameworks",
				);
				PRODUCT_BUNDLE_IDENTIFIER = "kr.alfr.SeoulChants-SwiftUI";
				PRODUCT_NAME = "SeoulChants-SwiftUI";
				SDKROOT = iphoneos;
				SWIFT_VERSION = 5.0;
				TARGETED_DEVICE_FAMILY = "1,2";
				VALIDATE_PRODUCT = YES;
			};
			name = Release;
		};
		FF1DD19825C1B1F000E48055 /* Debug */ = {
			isa = XCBuildConfiguration;
			buildSettings = {
				ASSETCATALOG_COMPILER_APPICON_NAME = AppIcon;
				ASSETCATALOG_COMPILER_GLOBAL_ACCENT_COLOR_NAME = AccentColor;
				CODE_SIGN_ENTITLEMENTS = macOS/macOS.entitlements;
				CODE_SIGN_STYLE = Automatic;
				COMBINE_HIDPI_IMAGES = YES;
				DEVELOPMENT_TEAM = CFXQRL364R;
				ENABLE_HARDENED_RUNTIME = YES;
				ENABLE_PREVIEWS = YES;
				INFOPLIST_FILE = macOS/Info.plist;
				LD_RUNPATH_SEARCH_PATHS = (
					"$(inherited)",
					"@executable_path/../Frameworks",
				);
				MACOSX_DEPLOYMENT_TARGET = 11.0;
				PRODUCT_BUNDLE_IDENTIFIER = "kr.alfr.SeoulChants-SwiftUI";
				PRODUCT_NAME = "SeoulChants-SwiftUI";
				SDKROOT = macosx;
				SWIFT_VERSION = 5.0;
			};
			name = Debug;
		};
		FF1DD19925C1B1F000E48055 /* Release */ = {
			isa = XCBuildConfiguration;
			buildSettings = {
				ASSETCATALOG_COMPILER_APPICON_NAME = AppIcon;
				ASSETCATALOG_COMPILER_GLOBAL_ACCENT_COLOR_NAME = AccentColor;
				CODE_SIGN_ENTITLEMENTS = macOS/macOS.entitlements;
				CODE_SIGN_STYLE = Automatic;
				COMBINE_HIDPI_IMAGES = YES;
				DEVELOPMENT_TEAM = CFXQRL364R;
				ENABLE_HARDENED_RUNTIME = YES;
				ENABLE_PREVIEWS = YES;
				INFOPLIST_FILE = macOS/Info.plist;
				LD_RUNPATH_SEARCH_PATHS = (
					"$(inherited)",
					"@executable_path/../Frameworks",
				);
				MACOSX_DEPLOYMENT_TARGET = 11.0;
				PRODUCT_BUNDLE_IDENTIFIER = "kr.alfr.SeoulChants-SwiftUI";
				PRODUCT_NAME = "SeoulChants-SwiftUI";
				SDKROOT = macosx;
				SWIFT_VERSION = 5.0;
			};
			name = Release;
		};
/* End XCBuildConfiguration section */

/* Begin XCConfigurationList section */
		FF1DD17725C1B1EF00E48055 /* Build configuration list for PBXProject "SeoulChants-SwiftUI" */ = {
			isa = XCConfigurationList;
			buildConfigurations = (
				FF1DD19225C1B1F000E48055 /* Debug */,
				FF1DD19325C1B1F000E48055 /* Release */,
			);
			defaultConfigurationIsVisible = 0;
			defaultConfigurationName = Release;
		};
		FF1DD19425C1B1F000E48055 /* Build configuration list for PBXNativeTarget "SeoulChants-SwiftUI (iOS)" */ = {
			isa = XCConfigurationList;
			buildConfigurations = (
				FF1DD19525C1B1F000E48055 /* Debug */,
				FF1DD19625C1B1F000E48055 /* Release */,
			);
			defaultConfigurationIsVisible = 0;
			defaultConfigurationName = Release;
		};
		FF1DD19725C1B1F000E48055 /* Build configuration list for PBXNativeTarget "SeoulChants-SwiftUI (macOS)" */ = {
			isa = XCConfigurationList;
			buildConfigurations = (
				FF1DD19825C1B1F000E48055 /* Debug */,
				FF1DD19925C1B1F000E48055 /* Release */,
			);
			defaultConfigurationIsVisible = 0;
			defaultConfigurationName = Release;
		};
/* End XCConfigurationList section */
	};
	rootObject = FF1DD17425C1B1EF00E48055 /* Project object */;
}
